
Microsoft Visual Studio Solution File, Format Version 12.00
# Visual Studio Version 17
VisualStudioVersion = 17.0.31903.59
MinimumVisualStudioVersion = 10.0.40219.1
Project("{FAE04EC0-301F-11D3-BF4B-00C04F79EFBC}") = "MeetsApi", "MeetsApi\MeetsApi.csproj", "{E3BFD9F5-C686-42E6-A134-028103871E69}"
EndProject
Project("{FAE04EC0-301F-11D3-BF4B-00C04F79EFBC}") = "MeetsApi.Tests", "MeetsApi.Tests\MeetsApi.Tests.csproj", "{EFD8E797-129F-41AE-A9D7-05D3894E2B31}"
EndProject
Global
	GlobalSection(SolutionConfigurationPlatforms) = preSolution
		Debug|Any CPU = Debug|Any CPU
		Release|Any CPU = Release|Any CPU
	EndGlobalSection
	GlobalSection(SolutionProperties) = preSolution
		HideSolutionNode = FALSE
	EndGlobalSection
	GlobalSection(ProjectConfigurationPlatforms) = postSolution
		{E3BFD9F5-C686-42E6-A134-028103871E69}.Debug|Any CPU.ActiveCfg = Debug|Any CPU
		{E3BFD9F5-C686-42E6-A134-028103871E69}.Debug|Any CPU.Build.0 = Debug|Any CPU
		{E3BFD9F5-C686-42E6-A134-028103871E69}.Release|Any CPU.ActiveCfg = Release|Any CPU
		{E3BFD9F5-C686-42E6-A134-028103871E69}.Release|Any CPU.Build.0 = Release|Any CPU
		{EFD8E797-129F-41AE-A9D7-05D3894E2B31}.Debug|Any CPU.ActiveCfg = Debug|Any CPU
		{EFD8E797-129F-41AE-A9D7-05D3894E2B31}.Debug|Any CPU.Build.0 = Debug|Any CPU
		{EFD8E797-129F-41AE-A9D7-05D3894E2B31}.Release|Any CPU.ActiveCfg = Release|Any CPU
		{EFD8E797-129F-41AE-A9D7-05D3894E2B31}.Release|Any CPU.Build.0 = Release|Any CPU
	EndGlobalSection
EndGlobal
